
Microsoft Visual Studio Solution File, Format Version 12.00
# Visual Studio Version 17
VisualStudioVersion = 17.5.33516.290
MinimumVisualStudioVersion = 10.0.40219.1
Project("{FAE04EC0-301F-11D3-BF4B-00C04F79EFBC}") = "20206196_ITT209F2023_AssignmentOne", "20206196_ITT209F2023_AssignmentOne\20206196_ITT209F2023_AssignmentOne.csproj", "{3FBE0416-7804-4287-8DA0-D44FB635C4A2}"
EndProject
Global
	GlobalSection(SolutionConfigurationPlatforms) = preSolution
		Debug|Any CPU = Debug|Any CPU
		Release|Any CPU = Release|Any CPU
	EndGlobalSection
	GlobalSection(ProjectConfigurationPlatforms) = postSolution
		{3FBE0416-7804-4287-8DA0-D44FB635C4A2}.Debug|Any CPU.ActiveCfg = Debug|Any CPU
		{3FBE0416-7804-4287-8DA0-D44FB635C4A2}.Debug|Any CPU.Build.0 = Debug|Any CPU
		{3FBE0416-7804-4287-8DA0-D44FB635C4A2}.Release|Any CPU.ActiveCfg = Release|Any CPU
		{3FBE0416-7804-4287-8DA0-D44FB635C4A2}.Release|Any CPU.Build.0 = Release|Any CPU
	EndGlobalSection
	GlobalSection(SolutionProperties) = preSolution
		HideSolutionNode = FALSE
	EndGlobalSection
	GlobalSection(ExtensibilityGlobals) = postSolution
		SolutionGuid = {520C069C-7D19-4D11-860A-7E804771046A}
	EndGlobalSection
EndGlobal
